
Microsoft Visual Studio Solution File, Format Version 12.00
# Visual Studio Version 17
VisualStudioVersion = 17.0.32014.148
MinimumVisualStudioVersion = 10.0.40219.1
Project("{9A19103F-16F7-4668-BE54-9A1E7A4F7556}") = "HotelHubAPI", "HotelHubAPI\HotelHubAPI.csproj", "{7CA76F4E-8070-4BB6-8C36-1FE7EE8A13C0}"
EndProject
Project("{9A19103F-16F7-4668-BE54-9A1E7A4F7556}") = "Hotel.DataAccess", "Hotel.DataAccess\Hotel.DataAccess.csproj", "{EC60F228-92BA-4947-A632-BCFDB5D0B606}"
EndProject
Project("{9A19103F-16F7-4668-BE54-9A1E7A4F7556}") = "Hotel.Business", "Hotel.Business\Hotel.Business.csproj", "{6B43011F-DA11-4E8A-8F49-D3F88260B66A}"
EndProject
Project("{9A19103F-16F7-4668-BE54-9A1E7A4F7556}") = "Hotel.Entities", "Hotel.Entities\Hotel.Entities.csproj", "{E72DBE35-5494-4337-9679-69C2F3ADF967}"
EndProject
Project("{9A19103F-16F7-4668-BE54-9A1E7A4F7556}") = "Hotel.Core", "Hotel.Core\Hotel.Core.csproj", "{438640CB-A05B-4F37-8A33-4AA8D8DDEF7C}"
EndProject
Project("{9A19103F-16F7-4668-BE54-9A1E7A4F7556}") = "Hotel.XUnitTest", "Hotel.XUnitTest\Hotel.XUnitTest.csproj", "{5A657086-9603-4CFE-98DC-81F91FCAD4C7}"
EndProject
Project("{FAE04EC0-301F-11D3-BF4B-00C04F79EFBC}") = "Hotel.HealthCheck", "Hotel.HealthCheck\Hotel.HealthCheck.csproj", "{2DC628AC-98CF-4E77-8024-B2B3DC58E81C}"
EndProject
Global
	GlobalSection(SolutionConfigurationPlatforms) = preSolution
		Debug|Any CPU = Debug|Any CPU
		Release|Any CPU = Release|Any CPU
	EndGlobalSection
	GlobalSection(ProjectConfigurationPlatforms) = postSolution
		{7CA76F4E-8070-4BB6-8C36-1FE7EE8A13C0}.Debug|Any CPU.ActiveCfg = Debug|Any CPU
		{7CA76F4E-8070-4BB6-8C36-1FE7EE8A13C0}.Debug|Any CPU.Build.0 = Debug|Any CPU
		{7CA76F4E-8070-4BB6-8C36-1FE7EE8A13C0}.Release|Any CPU.ActiveCfg = Release|Any CPU
		{7CA76F4E-8070-4BB6-8C36-1FE7EE8A13C0}.Release|Any CPU.Build.0 = Release|Any CPU
		{EC60F228-92BA-4947-A632-BCFDB5D0B606}.Debug|Any CPU.ActiveCfg = Debug|Any CPU
		{EC60F228-92BA-4947-A632-BCFDB5D0B606}.Debug|Any CPU.Build.0 = Debug|Any CPU
		{EC60F228-92BA-4947-A632-BCFDB5D0B606}.Release|Any CPU.ActiveCfg = Release|Any CPU
		{EC60F228-92BA-4947-A632-BCFDB5D0B606}.Release|Any CPU.Build.0 = Release|Any CPU
		{6B43011F-DA11-4E8A-8F49-D3F88260B66A}.Debug|Any CPU.ActiveCfg = Debug|Any CPU
		{6B43011F-DA11-4E8A-8F49-D3F88260B66A}.Debug|Any CPU.Build.0 = Debug|Any CPU
		{6B43011F-DA11-4E8A-8F49-D3F88260B66A}.Release|Any CPU.ActiveCfg = Release|Any CPU
		{6B43011F-DA11-4E8A-8F49-D3F88260B66A}.Release|Any CPU.Build.0 = Release|Any CPU
		{E72DBE35-5494-4337-9679-69C2F3ADF967}.Debug|Any CPU.ActiveCfg = Debug|Any CPU
		{E72DBE35-5494-4337-9679-69C2F3ADF967}.Debug|Any CPU.Build.0 = Debug|Any CPU
		{E72DBE35-5494-4337-9679-69C2F3ADF967}.Release|Any CPU.ActiveCfg = Release|Any CPU
		{E72DBE35-5494-4337-9679-69C2F3ADF967}.Release|Any CPU.Build.0 = Release|Any CPU
		{438640CB-A05B-4F37-8A33-4AA8D8DDEF7C}.Debug|Any CPU.ActiveCfg = Debug|Any CPU
		{438640CB-A05B-4F37-8A33-4AA8D8DDEF7C}.Debug|Any CPU.Build.0 = Debug|Any CPU
		{438640CB-A05B-4F37-8A33-4AA8D8DDEF7C}.Release|Any CPU.ActiveCfg = Release|Any CPU
		{438640CB-A05B-4F37-8A33-4AA8D8DDEF7C}.Release|Any CPU.Build.0 = Release|Any CPU
		{5A657086-9603-4CFE-98DC-81F91FCAD4C7}.Debug|Any CPU.ActiveCfg = Debug|Any CPU
		{5A657086-9603-4CFE-98DC-81F91FCAD4C7}.Debug|Any CPU.Build.0 = Debug|Any CPU
		{5A657086-9603-4CFE-98DC-81F91FCAD4C7}.Release|Any CPU.ActiveCfg = Release|Any CPU
		{5A657086-9603-4CFE-98DC-81F91FCAD4C7}.Release|Any CPU.Build.0 = Release|Any CPU
		{2DC628AC-98CF-4E77-8024-B2B3DC58E81C}.Debug|Any CPU.ActiveCfg = Debug|Any CPU
		{2DC628AC-98CF-4E77-8024-B2B3DC58E81C}.Debug|Any CPU.Build.0 = Debug|Any CPU
		{2DC628AC-98CF-4E77-8024-B2B3DC58E81C}.Release|Any CPU.ActiveCfg = Release|Any CPU
		{2DC628AC-98CF-4E77-8024-B2B3DC58E81C}.Release|Any CPU.Build.0 = Release|Any CPU
	EndGlobalSection
	GlobalSection(SolutionProperties) = preSolution
		HideSolutionNode = FALSE
	EndGlobalSection
	GlobalSection(ExtensibilityGlobals) = postSolution
		SolutionGuid = {AD163018-F321-47CB-A717-61E3C446F9EC}
	EndGlobalSection
EndGlobal
